// !$*UTF8*$!
{
	archiveVersion = 1;
	classes = {
	};
	objectVersion = 46;
	objects = {

/* Begin PBXBuildFile section */
		1F6463B919F166BA00257769 /* Foundation.framework in Frameworks */ = {isa = PBXBuildFile; fileRef = 1F6463B819F166BA00257769 /* Foundation.framework */; };
		1F6463BB19F166BA00257769 /* CoreGraphics.framework in Frameworks */ = {isa = PBXBuildFile; fileRef = 1F6463BA19F166BA00257769 /* CoreGraphics.framework */; };
		1F6463BD19F166BA00257769 /* UIKit.framework in Frameworks */ = {isa = PBXBuildFile; fileRef = 1F6463BC19F166BA00257769 /* UIKit.framework */; };
		1F6463C319F166BB00257769 /* InfoPlist.strings in Resources */ = {isa = PBXBuildFile; fileRef = 1F6463C119F166BB00257769 /* InfoPlist.strings */; };
		1F6463C519F166BB00257769 /* main.m in Sources */ = {isa = PBXBuildFile; fileRef = 1F6463C419F166BB00257769 /* main.m */; };
		1F6463CC19F166BB00257769 /* Main.storyboard in Resources */ = {isa = PBXBuildFile; fileRef = 1F6463CA19F166BB00257769 /* Main.storyboard */; };
		1F6463D119F166BB00257769 /* Images.xcassets in Resources */ = {isa = PBXBuildFile; fileRef = 1F6463D019F166BB00257769 /* Images.xcassets */; };
		1F6463D819F166BB00257769 /* XCTest.framework in Frameworks */ = {isa = PBXBuildFile; fileRef = 1F6463D719F166BB00257769 /* XCTest.framework */; };
		1F6463D919F166BB00257769 /* Foundation.framework in Frameworks */ = {isa = PBXBuildFile; fileRef = 1F6463B819F166BA00257769 /* Foundation.framework */; };
		1F6463DA19F166BB00257769 /* UIKit.framework in Frameworks */ = {isa = PBXBuildFile; fileRef = 1F6463BC19F166BA00257769 /* UIKit.framework */; };
		1F6463E219F166BB00257769 /* InfoPlist.strings in Resources */ = {isa = PBXBuildFile; fileRef = 1F6463E019F166BB00257769 /* InfoPlist.strings */; };
		1F6463E419F166BB00257769 /* PureRichHappyTests.m in Sources */ = {isa = PBXBuildFile; fileRef = 1F6463E319F166BB00257769 /* PureRichHappyTests.m */; };
		1F6463F819F2454600257769 /* PRHAppDelegate.m in Sources */ = {isa = PBXBuildFile; fileRef = 1F6463F219F2454600257769 /* PRHAppDelegate.m */; };
		1F6463F919F2454600257769 /* PRHGoalListViewController.m in Sources */ = {isa = PBXBuildFile; fileRef = 1F6463F519F2454600257769 /* PRHGoalListViewController.m */; };
		1F6463FA19F2454600257769 /* PRHViewController.m in Sources */ = {isa = PBXBuildFile; fileRef = 1F6463F719F2454600257769 /* PRHViewController.m */; };
		1F64640619F2517500257769 /* PRHModeles.xcdatamodeld in Sources */ = {isa = PBXBuildFile; fileRef = 1F64640419F2517500257769 /* PRHModeles.xcdatamodeld */; };
		1F64640919F2530900257769 /* Wish.m in Sources */ = {isa = PBXBuildFile; fileRef = 1F64640819F2530900257769 /* Wish.m */; };
		1F64641219F253EC00257769 /* Goal.m in Sources */ = {isa = PBXBuildFile; fileRef = 1F64641119F253EC00257769 /* Goal.m */; };
		1F64641519F2544600257769 /* PRHWishManager.m in Sources */ = {isa = PBXBuildFile; fileRef = 1F64641419F2544600257769 /* PRHWishManager.m */; };
		1F64641B19F2548000257769 /* PRHModelManager.m in Sources */ = {isa = PBXBuildFile; fileRef = 1F64641A19F2548000257769 /* PRHModelManager.m */; };
		1F64641E19F254B000257769 /* PRHGoalManager.m in Sources */ = {isa = PBXBuildFile; fileRef = 1F64641D19F254B000257769 /* PRHGoalManager.m */; };
		1F64642319F2568C00257769 /* PRHGoalCell.m in Sources */ = {isa = PBXBuildFile; fileRef = 1F64642219F2568C00257769 /* PRHGoalCell.m */; };
		1F64642519F256A200257769 /* PRHGoalCell.xib in Resources */ = {isa = PBXBuildFile; fileRef = 1F64642419F256A200257769 /* PRHGoalCell.xib */; };
		1F64642819F25D2B00257769 /* PRHGoalDescriptionViewController.m in Sources */ = {isa = PBXBuildFile; fileRef = 1F64642719F25D2B00257769 /* PRHGoalDescriptionViewController.m */; };
		D5F3301F10F64DD1A1A58D31 /* libPods-PureRichHappy.a in Frameworks */ = {isa = PBXBuildFile; fileRef = 872FFE7B3CC045179C57C064 /* libPods-PureRichHappy.a */; };
/* End PBXBuildFile section */

/* Begin PBXContainerItemProxy section */
		1F6463DB19F166BB00257769 /* PBXContainerItemProxy */ = {
			isa = PBXContainerItemProxy;
			containerPortal = 1F6463AD19F166BA00257769 /* Project object */;
			proxyType = 1;
			remoteGlobalIDString = 1F6463B419F166BA00257769;
			remoteInfo = PureRichHappy;
		};
/* End PBXContainerItemProxy section */

/* Begin PBXFileReference section */
		1AEFB4E3D2BF424BA0C23448 /* Pods-PureRichHappy.xcconfig */ = {isa = PBXFileReference; includeInIndex = 1; lastKnownFileType = text.xcconfig; name = "Pods-PureRichHappy.xcconfig"; path = "Pods/Pods-PureRichHappy.xcconfig"; sourceTree = "<group>"; };
		1F6463B519F166BA00257769 /* PureRichHappy.app */ = {isa = PBXFileReference; explicitFileType = wrapper.application; includeInIndex = 0; path = PureRichHappy.app; sourceTree = BUILT_PRODUCTS_DIR; };
		1F6463B819F166BA00257769 /* Foundation.framework */ = {isa = PBXFileReference; lastKnownFileType = wrapper.framework; name = Foundation.framework; path = System/Library/Frameworks/Foundation.framework; sourceTree = SDKROOT; };
		1F6463BA19F166BA00257769 /* CoreGraphics.framework */ = {isa = PBXFileReference; lastKnownFileType = wrapper.framework; name = CoreGraphics.framework; path = System/Library/Frameworks/CoreGraphics.framework; sourceTree = SDKROOT; };
		1F6463BC19F166BA00257769 /* UIKit.framework */ = {isa = PBXFileReference; lastKnownFileType = wrapper.framework; name = UIKit.framework; path = System/Library/Frameworks/UIKit.framework; sourceTree = SDKROOT; };
		1F6463C019F166BB00257769 /* PureRichHappy-Info.plist */ = {isa = PBXFileReference; lastKnownFileType = text.plist.xml; path = "PureRichHappy-Info.plist"; sourceTree = "<group>"; };
		1F6463C219F166BB00257769 /* en */ = {isa = PBXFileReference; lastKnownFileType = text.plist.strings; name = en; path = en.lproj/InfoPlist.strings; sourceTree = "<group>"; };
		1F6463C419F166BB00257769 /* main.m */ = {isa = PBXFileReference; lastKnownFileType = sourcecode.c.objc; path = main.m; sourceTree = "<group>"; };
		1F6463C619F166BB00257769 /* PureRichHappy-Prefix.pch */ = {isa = PBXFileReference; lastKnownFileType = sourcecode.c.h; path = "PureRichHappy-Prefix.pch"; sourceTree = "<group>"; };
		1F6463CB19F166BB00257769 /* Base */ = {isa = PBXFileReference; lastKnownFileType = file.storyboard; name = Base; path = Base.lproj/Main.storyboard; sourceTree = "<group>"; };
		1F6463D019F166BB00257769 /* Images.xcassets */ = {isa = PBXFileReference; lastKnownFileType = folder.assetcatalog; path = Images.xcassets; sourceTree = "<group>"; };
		1F6463D619F166BB00257769 /* PureRichHappyTests.xctest */ = {isa = PBXFileReference; explicitFileType = wrapper.cfbundle; includeInIndex = 0; path = PureRichHappyTests.xctest; sourceTree = BUILT_PRODUCTS_DIR; };
		1F6463D719F166BB00257769 /* XCTest.framework */ = {isa = PBXFileReference; lastKnownFileType = wrapper.framework; name = XCTest.framework; path = Library/Frameworks/XCTest.framework; sourceTree = DEVELOPER_DIR; };
		1F6463DF19F166BB00257769 /* PureRichHappyTests-Info.plist */ = {isa = PBXFileReference; lastKnownFileType = text.plist.xml; path = "PureRichHappyTests-Info.plist"; sourceTree = "<group>"; };
		1F6463E119F166BB00257769 /* en */ = {isa = PBXFileReference; lastKnownFileType = text.plist.strings; name = en; path = en.lproj/InfoPlist.strings; sourceTree = "<group>"; };
		1F6463E319F166BB00257769 /* PureRichHappyTests.m */ = {isa = PBXFileReference; lastKnownFileType = sourcecode.c.objc; path = PureRichHappyTests.m; sourceTree = "<group>"; };
		1F6463F119F2454600257769 /* PRHAppDelegate.h */ = {isa = PBXFileReference; fileEncoding = 4; lastKnownFileType = sourcecode.c.h; path = PRHAppDelegate.h; sourceTree = "<group>"; };
		1F6463F219F2454600257769 /* PRHAppDelegate.m */ = {isa = PBXFileReference; fileEncoding = 4; lastKnownFileType = sourcecode.c.objc; path = PRHAppDelegate.m; sourceTree = "<group>"; };
		1F6463F419F2454600257769 /* PRHGoalListViewController.h */ = {isa = PBXFileReference; fileEncoding = 4; lastKnownFileType = sourcecode.c.h; path = PRHGoalListViewController.h; sourceTree = "<group>"; };
		1F6463F519F2454600257769 /* PRHGoalListViewController.m */ = {isa = PBXFileReference; fileEncoding = 4; lastKnownFileType = sourcecode.c.objc; path = PRHGoalListViewController.m; sourceTree = "<group>"; };
		1F6463F619F2454600257769 /* PRHViewController.h */ = {isa = PBXFileReference; fileEncoding = 4; lastKnownFileType = sourcecode.c.h; path = PRHViewController.h; sourceTree = "<group>"; };
		1F6463F719F2454600257769 /* PRHViewController.m */ = {isa = PBXFileReference; fileEncoding = 4; lastKnownFileType = sourcecode.c.objc; path = PRHViewController.m; sourceTree = "<group>"; };
		1F64640519F2517500257769 /* PRHModeles.xcdatamodel */ = {isa = PBXFileReference; lastKnownFileType = wrapper.xcdatamodel; path = PRHModeles.xcdatamodel; sourceTree = "<group>"; };
		1F64640719F2530900257769 /* Wish.h */ = {isa = PBXFileReference; fileEncoding = 4; lastKnownFileType = sourcecode.c.h; path = Wish.h; sourceTree = "<group>"; };
		1F64640819F2530900257769 /* Wish.m */ = {isa = PBXFileReference; fileEncoding = 4; lastKnownFileType = sourcecode.c.objc; path = Wish.m; sourceTree = "<group>"; };
		1F64641019F253EC00257769 /* Goal.h */ = {isa = PBXFileReference; fileEncoding = 4; lastKnownFileType = sourcecode.c.h; path = Goal.h; sourceTree = "<group>"; };
		1F64641119F253EC00257769 /* Goal.m */ = {isa = PBXFileReference; fileEncoding = 4; lastKnownFileType = sourcecode.c.objc; path = Goal.m; sourceTree = "<group>"; };
		1F64641319F2544600257769 /* PRHWishManager.h */ = {isa = PBXFileReference; fileEncoding = 4; lastKnownFileType = sourcecode.c.h; name = PRHWishManager.h; path = Models/Wish/PRHWishManager.h; sourceTree = "<group>"; };
		1F64641419F2544600257769 /* PRHWishManager.m */ = {isa = PBXFileReference; fileEncoding = 4; lastKnownFileType = sourcecode.c.objc; path = PRHWishManager.m; sourceTree = "<group>"; };
		1F64641919F2548000257769 /* PRHModelManager.h */ = {isa = PBXFileReference; fileEncoding = 4; lastKnownFileType = sourcecode.c.h; path = PRHModelManager.h; sourceTree = "<group>"; };
		1F64641A19F2548000257769 /* PRHModelManager.m */ = {isa = PBXFileReference; fileEncoding = 4; lastKnownFileType = sourcecode.c.objc; path = PRHModelManager.m; sourceTree = "<group>"; };
		1F64641C19F254B000257769 /* PRHGoalManager.h */ = {isa = PBXFileReference; fileEncoding = 4; lastKnownFileType = sourcecode.c.h; path = PRHGoalManager.h; sourceTree = "<group>"; };
		1F64641D19F254B000257769 /* PRHGoalManager.m */ = {isa = PBXFileReference; fileEncoding = 4; lastKnownFileType = sourcecode.c.objc; path = PRHGoalManager.m; sourceTree = "<group>"; };
		1F64642119F2568C00257769 /* PRHGoalCell.h */ = {isa = PBXFileReference; fileEncoding = 4; lastKnownFileType = sourcecode.c.h; path = PRHGoalCell.h; sourceTree = "<group>"; };
		1F64642219F2568C00257769 /* PRHGoalCell.m */ = {isa = PBXFileReference; fileEncoding = 4; lastKnownFileType = sourcecode.c.objc; path = PRHGoalCell.m; sourceTree = "<group>"; };
		1F64642419F256A200257769 /* PRHGoalCell.xib */ = {isa = PBXFileReference; fileEncoding = 4; lastKnownFileType = file.xib; path = PRHGoalCell.xib; sourceTree = "<group>"; };
		1F64642619F25D2B00257769 /* PRHGoalDescriptionViewController.h */ = {isa = PBXFileReference; fileEncoding = 4; lastKnownFileType = sourcecode.c.h; path = PRHGoalDescriptionViewController.h; sourceTree = "<group>"; };
		1F64642719F25D2B00257769 /* PRHGoalDescriptionViewController.m */ = {isa = PBXFileReference; fileEncoding = 4; lastKnownFileType = sourcecode.c.objc; path = PRHGoalDescriptionViewController.m; sourceTree = "<group>"; };
		1F64642A19F25F0000257769 /* UIButton+VBFPopFlatButton.h */ = {isa = PBXFileReference; fileEncoding = 4; lastKnownFileType = sourcecode.c.h; path = "UIButton+VBFPopFlatButton.h"; sourceTree = "<group>"; };
		872FFE7B3CC045179C57C064 /* libPods-PureRichHappy.a */ = {isa = PBXFileReference; explicitFileType = archive.ar; includeInIndex = 0; path = "libPods-PureRichHappy.a"; sourceTree = BUILT_PRODUCTS_DIR; };
/* End PBXFileReference section */

/* Begin PBXFrameworksBuildPhase section */
		1F6463B219F166BA00257769 /* Frameworks */ = {
			isa = PBXFrameworksBuildPhase;
			buildActionMask = 2147483647;
			files = (
				1F6463BB19F166BA00257769 /* CoreGraphics.framework in Frameworks */,
				1F6463BD19F166BA00257769 /* UIKit.framework in Frameworks */,
				1F6463B919F166BA00257769 /* Foundation.framework in Frameworks */,
				D5F3301F10F64DD1A1A58D31 /* libPods-PureRichHappy.a in Frameworks */,
			);
			runOnlyForDeploymentPostprocessing = 0;
		};
		1F6463D319F166BB00257769 /* Frameworks */ = {
			isa = PBXFrameworksBuildPhase;
			buildActionMask = 2147483647;
			files = (
				1F6463D819F166BB00257769 /* XCTest.framework in Frameworks */,
				1F6463DA19F166BB00257769 /* UIKit.framework in Frameworks */,
				1F6463D919F166BB00257769 /* Foundation.framework in Frameworks */,
			);
			runOnlyForDeploymentPostprocessing = 0;
		};
/* End PBXFrameworksBuildPhase section */

/* Begin PBXGroup section */
		1F6463AC19F166BA00257769 = {
			isa = PBXGroup;
			children = (
				1F6463BE19F166BA00257769 /* PureRichHappy */,
				1F6463DD19F166BB00257769 /* PureRichHappyTests */,
				1F6463B719F166BA00257769 /* Frameworks */,
				1F6463B619F166BA00257769 /* Products */,
				1AEFB4E3D2BF424BA0C23448 /* Pods-PureRichHappy.xcconfig */,
			);
			sourceTree = "<group>";
		};
		1F6463B619F166BA00257769 /* Products */ = {
			isa = PBXGroup;
			children = (
				1F6463B519F166BA00257769 /* PureRichHappy.app */,
				1F6463D619F166BB00257769 /* PureRichHappyTests.xctest */,
			);
			name = Products;
			sourceTree = "<group>";
		};
		1F6463B719F166BA00257769 /* Frameworks */ = {
			isa = PBXGroup;
			children = (
				1F6463B819F166BA00257769 /* Foundation.framework */,
				1F6463BA19F166BA00257769 /* CoreGraphics.framework */,
				1F6463BC19F166BA00257769 /* UIKit.framework */,
				1F6463D719F166BB00257769 /* XCTest.framework */,
				872FFE7B3CC045179C57C064 /* libPods-PureRichHappy.a */,
			);
			name = Frameworks;
			sourceTree = "<group>";
		};
		1F6463BE19F166BA00257769 /* PureRichHappy */ = {
			isa = PBXGroup;
			children = (
				1F64641F19F2566F00257769 /* Views */,
				1F6463F019F2454600257769 /* AppDelegate */,
				1F6463F319F2454600257769 /* ViewControllers */,
				1F6463CA19F166BB00257769 /* Main.storyboard */,
				1F6463FB19F24E5600257769 /* Models */,
				1F6463D019F166BB00257769 /* Images.xcassets */,
				1F6463BF19F166BA00257769 /* Supporting Files */,
			);
			path = PureRichHappy;
			sourceTree = "<group>";
		};
		1F6463BF19F166BA00257769 /* Supporting Files */ = {
			isa = PBXGroup;
			children = (
				1F64641319F2544600257769 /* PRHWishManager.h */,
				1F6463C019F166BB00257769 /* PureRichHappy-Info.plist */,
				1F6463C119F166BB00257769 /* InfoPlist.strings */,
				1F6463C419F166BB00257769 /* main.m */,
				1F6463C619F166BB00257769 /* PureRichHappy-Prefix.pch */,
				1F64640419F2517500257769 /* PRHModeles.xcdatamodeld */,
			);
			name = "Supporting Files";
			sourceTree = "<group>";
		};
		1F6463DD19F166BB00257769 /* PureRichHappyTests */ = {
			isa = PBXGroup;
			children = (
				1F6463E319F166BB00257769 /* PureRichHappyTests.m */,
				1F6463DE19F166BB00257769 /* Supporting Files */,
			);
			path = PureRichHappyTests;
			sourceTree = "<group>";
		};
		1F6463DE19F166BB00257769 /* Supporting Files */ = {
			isa = PBXGroup;
			children = (
				1F6463DF19F166BB00257769 /* PureRichHappyTests-Info.plist */,
				1F6463E019F166BB00257769 /* InfoPlist.strings */,
			);
			name = "Supporting Files";
			sourceTree = "<group>";
		};
		1F6463F019F2454600257769 /* AppDelegate */ = {
			isa = PBXGroup;
			children = (
				1F6463F119F2454600257769 /* PRHAppDelegate.h */,
				1F6463F219F2454600257769 /* PRHAppDelegate.m */,
			);
			path = AppDelegate;
			sourceTree = "<group>";
		};
		1F6463F319F2454600257769 /* ViewControllers */ = {
			isa = PBXGroup;
			children = (
				1F6463F419F2454600257769 /* PRHGoalListViewController.h */,
				1F6463F519F2454600257769 /* PRHGoalListViewController.m */,
				1F6463F619F2454600257769 /* PRHViewController.h */,
				1F6463F719F2454600257769 /* PRHViewController.m */,
				1F64642619F25D2B00257769 /* PRHGoalDescriptionViewController.h */,
				1F64642719F25D2B00257769 /* PRHGoalDescriptionViewController.m */,
			);
			path = ViewControllers;
			sourceTree = "<group>";
		};
		1F6463FB19F24E5600257769 /* Models */ = {
			isa = PBXGroup;
			children = (
				1F64641819F2547100257769 /* Common */,
				1F6463FC19F250A700257769 /* Goal */,
				1F6463FD19F250A700257769 /* Wish */,
			);
			path = Models;
			sourceTree = "<group>";
		};
		1F6463FC19F250A700257769 /* Goal */ = {
			isa = PBXGroup;
			children = (
				1F64641019F253EC00257769 /* Goal.h */,
				1F64641119F253EC00257769 /* Goal.m */,
				1F64641C19F254B000257769 /* PRHGoalManager.h */,
				1F64641D19F254B000257769 /* PRHGoalManager.m */,
			);
			path = Goal;
			sourceTree = "<group>";
		};
		1F6463FD19F250A700257769 /* Wish */ = {
			isa = PBXGroup;
			children = (
				1F64640719F2530900257769 /* Wish.h */,
				1F64640819F2530900257769 /* Wish.m */,
				1F64641419F2544600257769 /* PRHWishManager.m */,
			);
			path = Wish;
			sourceTree = "<group>";
		};
		1F64641819F2547100257769 /* Common */ = {
			isa = PBXGroup;
			children = (
				1F64641919F2548000257769 /* PRHModelManager.h */,
				1F64641A19F2548000257769 /* PRHModelManager.m */,
			);
			path = Common;
			sourceTree = "<group>";
		};
		1F64641F19F2566F00257769 /* Views */ = {
			isa = PBXGroup;
			children = (
				1F64642919F25EDB00257769 /* UI */,
				1F64642019F2566F00257769 /* Cells */,
			);
			path = Views;
			sourceTree = "<group>";
		};
		1F64642019F2566F00257769 /* Cells */ = {
			isa = PBXGroup;
			children = (
				1F64642119F2568C00257769 /* PRHGoalCell.h */,
				1F64642219F2568C00257769 /* PRHGoalCell.m */,
				1F64642419F256A200257769 /* PRHGoalCell.xib */,
			);
			path = Cells;
			sourceTree = "<group>";
		};
		1F64642919F25EDB00257769 /* UI */ = {
			isa = PBXGroup;
			children = (
				1F64642A19F25F0000257769 /* UIButton+VBFPopFlatButton.h */,
			);
			path = UI;
			sourceTree = "<group>";
		};
/* End PBXGroup section */

/* Begin PBXNativeTarget section */
		1F6463B419F166BA00257769 /* PureRichHappy */ = {
			isa = PBXNativeTarget;
			buildConfigurationList = 1F6463E719F166BB00257769 /* Build configuration list for PBXNativeTarget "PureRichHappy" */;
			buildPhases = (
				954C334B4A274942AA54EC07 /* Check Pods Manifest.lock */,
				1F6463B119F166BA00257769 /* Sources */,
				1F6463B219F166BA00257769 /* Frameworks */,
				1F6463B319F166BA00257769 /* Resources */,
				EB34DDC86B5C4E8DA4CED71D /* Copy Pods Resources */,
			);
			buildRules = (
			);
			dependencies = (
			);
			name = PureRichHappy;
			productName = PureRichHappy;
			productReference = 1F6463B519F166BA00257769 /* PureRichHappy.app */;
			productType = "com.apple.product-type.application";
		};
		1F6463D519F166BB00257769 /* PureRichHappyTests */ = {
			isa = PBXNativeTarget;
			buildConfigurationList = 1F6463EA19F166BB00257769 /* Build configuration list for PBXNativeTarget "PureRichHappyTests" */;
			buildPhases = (
				1F6463D219F166BB00257769 /* Sources */,
				1F6463D319F166BB00257769 /* Frameworks */,
				1F6463D419F166BB00257769 /* Resources */,
			);
			buildRules = (
			);
			dependencies = (
				1F6463DC19F166BB00257769 /* PBXTargetDependency */,
			);
			name = PureRichHappyTests;
			productName = PureRichHappyTests;
			productReference = 1F6463D619F166BB00257769 /* PureRichHappyTests.xctest */;
			productType = "com.apple.product-type.bundle.unit-test";
		};
/* End PBXNativeTarget section */

/* Begin PBXProject section */
		1F6463AD19F166BA00257769 /* Project object */ = {
			isa = PBXProject;
			attributes = {
				CLASSPREFIX = PRH;
				LastUpgradeCheck = 0510;
				ORGANIZATIONNAME = "Sei Takayuki";
				TargetAttributes = {
					1F6463D519F166BB00257769 = {
						TestTargetID = 1F6463B419F166BA00257769;
					};
				};
			};
			buildConfigurationList = 1F6463B019F166BA00257769 /* Build configuration list for PBXProject "PureRichHappy" */;
			compatibilityVersion = "Xcode 3.2";
			developmentRegion = English;
			hasScannedForEncodings = 0;
			knownRegions = (
				en,
				Base,
			);
			mainGroup = 1F6463AC19F166BA00257769;
			productRefGroup = 1F6463B619F166BA00257769 /* Products */;
			projectDirPath = "";
			projectRoot = "";
			targets = (
				1F6463B419F166BA00257769 /* PureRichHappy */,
				1F6463D519F166BB00257769 /* PureRichHappyTests */,
			);
		};
/* End PBXProject section */

/* Begin PBXResourcesBuildPhase section */
		1F6463B319F166BA00257769 /* Resources */ = {
			isa = PBXResourcesBuildPhase;
			buildActionMask = 2147483647;
			files = (
				1F6463D119F166BB00257769 /* Images.xcassets in Resources */,
				1F64642519F256A200257769 /* PRHGoalCell.xib in Resources */,
				1F6463C319F166BB00257769 /* InfoPlist.strings in Resources */,
				1F6463CC19F166BB00257769 /* Main.storyboard in Resources */,
			);
			runOnlyForDeploymentPostprocessing = 0;
		};
		1F6463D419F166BB00257769 /* Resources */ = {
			isa = PBXResourcesBuildPhase;
			buildActionMask = 2147483647;
			files = (
				1F6463E219F166BB00257769 /* InfoPlist.strings in Resources */,
			);
			runOnlyForDeploymentPostprocessing = 0;
		};
/* End PBXResourcesBuildPhase section */

/* Begin PBXShellScriptBuildPhase section */
		954C334B4A274942AA54EC07 /* Check Pods Manifest.lock */ = {
			isa = PBXShellScriptBuildPhase;
			buildActionMask = 2147483647;
			files = (
			);
			inputPaths = (
			);
			name = "Check Pods Manifest.lock";
			outputPaths = (
			);
			runOnlyForDeploymentPostprocessing = 0;
			shellPath = /bin/sh;
			shellScript = "diff \"${PODS_ROOT}/../Podfile.lock\" \"${PODS_ROOT}/Manifest.lock\" > /dev/null\nif [[ $? != 0 ]] ; then\n    cat << EOM\nerror: The sandbox is not in sync with the Podfile.lock. Run 'pod install' or update your CocoaPods installation.\nEOM\n    exit 1\nfi\n";
			showEnvVarsInLog = 0;
		};
		EB34DDC86B5C4E8DA4CED71D /* Copy Pods Resources */ = {
			isa = PBXShellScriptBuildPhase;
			buildActionMask = 2147483647;
			files = (
			);
			inputPaths = (
			);
			name = "Copy Pods Resources";
			outputPaths = (
			);
			runOnlyForDeploymentPostprocessing = 0;
			shellPath = /bin/sh;
			shellScript = "\"${SRCROOT}/Pods/Pods-PureRichHappy-resources.sh\"\n";
			showEnvVarsInLog = 0;
		};
/* End PBXShellScriptBuildPhase section */

/* Begin PBXSourcesBuildPhase section */
		1F6463B119F166BA00257769 /* Sources */ = {
			isa = PBXSourcesBuildPhase;
			buildActionMask = 2147483647;
			files = (
				1F6463F919F2454600257769 /* PRHGoalListViewController.m in Sources */,
				1F6463C519F166BB00257769 /* main.m in Sources */,
				1F64640619F2517500257769 /* PRHModeles.xcdatamodeld in Sources */,
				1F64641E19F254B000257769 /* PRHGoalManager.m in Sources */,
				1F64641219F253EC00257769 /* Goal.m in Sources */,
				1F64642819F25D2B00257769 /* PRHGoalDescriptionViewController.m in Sources */,
				1F64641B19F2548000257769 /* PRHModelManager.m in Sources */,
				1F6463F819F2454600257769 /* PRHAppDelegate.m in Sources */,
				1F64640919F2530900257769 /* Wish.m in Sources */,
				1F64642319F2568C00257769 /* PRHGoalCell.m in Sources */,
				1F6463FA19F2454600257769 /* PRHViewController.m in Sources */,
				1F64641519F2544600257769 /* PRHWishManager.m in Sources */,
			);
			runOnlyForDeploymentPostprocessing = 0;
		};
		1F6463D219F166BB00257769 /* Sources */ = {
			isa = PBXSourcesBuildPhase;
			buildActionMask = 2147483647;
			files = (
				1F6463E419F166BB00257769 /* PureRichHappyTests.m in Sources */,
			);
			runOnlyForDeploymentPostprocessing = 0;
		};
/* End PBXSourcesBuildPhase section */

/* Begin PBXTargetDependency section */
		1F6463DC19F166BB00257769 /* PBXTargetDependency */ = {
			isa = PBXTargetDependency;
			target = 1F6463B419F166BA00257769 /* PureRichHappy */;
			targetProxy = 1F6463DB19F166BB00257769 /* PBXContainerItemProxy */;
		};
/* End PBXTargetDependency section */

/* Begin PBXVariantGroup section */
		1F6463C119F166BB00257769 /* InfoPlist.strings */ = {
			isa = PBXVariantGroup;
			children = (
				1F6463C219F166BB00257769 /* en */,
			);
			name = InfoPlist.strings;
			sourceTree = "<group>";
		};
		1F6463CA19F166BB00257769 /* Main.storyboard */ = {
			isa = PBXVariantGroup;
			children = (
				1F6463CB19F166BB00257769 /* Base */,
			);
			name = Main.storyboard;
			sourceTree = "<group>";
		};
		1F6463E019F166BB00257769 /* InfoPlist.strings */ = {
			isa = PBXVariantGroup;
			children = (
				1F6463E119F166BB00257769 /* en */,
			);
			name = InfoPlist.strings;
			sourceTree = "<group>";
		};
/* End PBXVariantGroup section */

/* Begin XCBuildConfiguration section */
		1F6463E519F166BB00257769 /* Debug */ = {
			isa = XCBuildConfiguration;
			buildSettings = {
				ALWAYS_SEARCH_USER_PATHS = NO;
				CLANG_CXX_LANGUAGE_STANDARD = "gnu++0x";
				CLANG_CXX_LIBRARY = "libc++";
				CLANG_ENABLE_MODULES = YES;
				CLANG_ENABLE_OBJC_ARC = YES;
				CLANG_WARN_BOOL_CONVERSION = YES;
				CLANG_WARN_CONSTANT_CONVERSION = YES;
				CLANG_WARN_DIRECT_OBJC_ISA_USAGE = YES_ERROR;
				CLANG_WARN_EMPTY_BODY = YES;
				CLANG_WARN_ENUM_CONVERSION = YES;
				CLANG_WARN_INT_CONVERSION = YES;
				CLANG_WARN_OBJC_ROOT_CLASS = YES_ERROR;
				CLANG_WARN__DUPLICATE_METHOD_MATCH = YES;
				"CODE_SIGN_IDENTITY[sdk=iphoneos*]" = "iPhone Developer";
				COPY_PHASE_STRIP = NO;
				GCC_C_LANGUAGE_STANDARD = gnu99;
				GCC_DYNAMIC_NO_PIC = NO;
				GCC_OPTIMIZATION_LEVEL = 0;
				GCC_PREPROCESSOR_DEFINITIONS = (
					"DEBUG=1",
					"$(inherited)",
				);
				GCC_SYMBOLS_PRIVATE_EXTERN = NO;
				GCC_WARN_64_TO_32_BIT_CONVERSION = YES;
				GCC_WARN_ABOUT_RETURN_TYPE = YES_ERROR;
				GCC_WARN_UNDECLARED_SELECTOR = YES;
				GCC_WARN_UNINITIALIZED_AUTOS = YES_AGGRESSIVE;
				GCC_WARN_UNUSED_FUNCTION = YES;
				GCC_WARN_UNUSED_VARIABLE = YES;
				IPHONEOS_DEPLOYMENT_TARGET = 7.1;
				ONLY_ACTIVE_ARCH = YES;
				SDKROOT = iphoneos;
			};
			name = Debug;
		};
		1F6463E619F166BB00257769 /* Release */ = {
			isa = XCBuildConfiguration;
			buildSettings = {
				ALWAYS_SEARCH_USER_PATHS = NO;
				CLANG_CXX_LANGUAGE_STANDARD = "gnu++0x";
				CLANG_CXX_LIBRARY = "libc++";
				CLANG_ENABLE_MODULES = YES;
				CLANG_ENABLE_OBJC_ARC = YES;
				CLANG_WARN_BOOL_CONVERSION = YES;
				CLANG_WARN_CONSTANT_CONVERSION = YES;
				CLANG_WARN_DIRECT_OBJC_ISA_USAGE = YES_ERROR;
				CLANG_WARN_EMPTY_BODY = YES;
				CLANG_WARN_ENUM_CONVERSION = YES;
				CLANG_WARN_INT_CONVERSION = YES;
				CLANG_WARN_OBJC_ROOT_CLASS = YES_ERROR;
				CLANG_WARN__DUPLICATE_METHOD_MATCH = YES;
				"CODE_SIGN_IDENTITY[sdk=iphoneos*]" = "iPhone Developer";
				COPY_PHASE_STRIP = YES;
				ENABLE_NS_ASSERTIONS = NO;
				GCC_C_LANGUAGE_STANDARD = gnu99;
				GCC_WARN_64_TO_32_BIT_CONVERSION = YES;
				GCC_WARN_ABOUT_RETURN_TYPE = YES_ERROR;
				GCC_WARN_UNDECLARED_SELECTOR = YES;
				GCC_WARN_UNINITIALIZED_AUTOS = YES_AGGRESSIVE;
				GCC_WARN_UNUSED_FUNCTION = YES;
				GCC_WARN_UNUSED_VARIABLE = YES;
				IPHONEOS_DEPLOYMENT_TARGET = 7.1;
				SDKROOT = iphoneos;
				VALIDATE_PRODUCT = YES;
			};
			name = Release;
		};
		1F6463E819F166BB00257769 /* Debug */ = {
			isa = XCBuildConfiguration;
			baseConfigurationReference = 1AEFB4E3D2BF424BA0C23448 /* Pods-PureRichHappy.xcconfig */;
			buildSettings = {
				ASSETCATALOG_COMPILER_APPICON_NAME = AppIcon;
				ASSETCATALOG_COMPILER_LAUNCHIMAGE_NAME = LaunchImage;
				GCC_PRECOMPILE_PREFIX_HEADER = YES;
				GCC_PREFIX_HEADER = "PureRichHappy/PureRichHappy-Prefix.pch";
				INFOPLIST_FILE = "PureRichHappy/PureRichHappy-Info.plist";
				PRODUCT_NAME = "$(TARGET_NAME)";
				WRAPPER_EXTENSION = app;
			};
			name = Debug;
		};
		1F6463E919F166BB00257769 /* Release */ = {
			isa = XCBuildConfiguration;
			baseConfigurationReference = 1AEFB4E3D2BF424BA0C23448 /* Pods-PureRichHappy.xcconfig */;
			buildSettings = {
				ASSETCATALOG_COMPILER_APPICON_NAME = AppIcon;
				ASSETCATALOG_COMPILER_LAUNCHIMAGE_NAME = LaunchImage;
				GCC_PRECOMPILE_PREFIX_HEADER = YES;
				GCC_PREFIX_HEADER = "PureRichHappy/PureRichHappy-Prefix.pch";
				INFOPLIST_FILE = "PureRichHappy/PureRichHappy-Info.plist";
				PRODUCT_NAME = "$(TARGET_NAME)";
				WRAPPER_EXTENSION = app;
			};
			name = Release;
		};
		1F6463EB19F166BB00257769 /* Debug */ = {
			isa = XCBuildConfiguration;
			buildSettings = {
				BUNDLE_LOADER = "$(BUILT_PRODUCTS_DIR)/PureRichHappy.app/PureRichHappy";
				FRAMEWORK_SEARCH_PATHS = (
					"$(SDKROOT)/Developer/Library/Frameworks",
					"$(inherited)",
					"$(DEVELOPER_FRAMEWORKS_DIR)",
				);
				GCC_PRECOMPILE_PREFIX_HEADER = YES;
				GCC_PREFIX_HEADER = "PureRichHappy/PureRichHappy-Prefix.pch";
				GCC_PREPROCESSOR_DEFINITIONS = (
					"DEBUG=1",
					"$(inherited)",
				);
				INFOPLIST_FILE = "PureRichHappyTests/PureRichHappyTests-Info.plist";
				PRODUCT_NAME = "$(TARGET_NAME)";
				TEST_HOST = "$(BUNDLE_LOADER)";
				WRAPPER_EXTENSION = xctest;
			};
			name = Debug;
		};
		1F6463EC19F166BB00257769 /* Release */ = {
			isa = XCBuildConfiguration;
			buildSettings = {
				BUNDLE_LOADER = "$(BUILT_PRODUCTS_DIR)/PureRichHappy.app/PureRichHappy";
				FRAMEWORK_SEARCH_PATHS = (
					"$(SDKROOT)/Developer/Library/Frameworks",
					"$(inherited)",
					"$(DEVELOPER_FRAMEWORKS_DIR)",
				);
				GCC_PRECOMPILE_PREFIX_HEADER = YES;
				GCC_PREFIX_HEADER = "PureRichHappy/PureRichHappy-Prefix.pch";
				INFOPLIST_FILE = "PureRichHappyTests/PureRichHappyTests-Info.plist";
				PRODUCT_NAME = "$(TARGET_NAME)";
				TEST_HOST = "$(BUNDLE_LOADER)";
				WRAPPER_EXTENSION = xctest;
			};
			name = Release;
		};
/* End XCBuildConfiguration section */

/* Begin XCConfigurationList section */
		1F6463B019F166BA00257769 /* Build configuration list for PBXProject "PureRichHappy" */ = {
			isa = XCConfigurationList;
			buildConfigurations = (
				1F6463E519F166BB00257769 /* Debug */,
				1F6463E619F166BB00257769 /* Release */,
			);
			defaultConfigurationIsVisible = 0;
			defaultConfigurationName = Release;
		};
		1F6463E719F166BB00257769 /* Build configuration list for PBXNativeTarget "PureRichHappy" */ = {
			isa = XCConfigurationList;
			buildConfigurations = (
				1F6463E819F166BB00257769 /* Debug */,
				1F6463E919F166BB00257769 /* Release */,
			);
			defaultConfigurationIsVisible = 0;
			defaultConfigurationName = Release;
		};
		1F6463EA19F166BB00257769 /* Build configuration list for PBXNativeTarget "PureRichHappyTests" */ = {
			isa = XCConfigurationList;
			buildConfigurations = (
				1F6463EB19F166BB00257769 /* Debug */,
				1F6463EC19F166BB00257769 /* Release */,
			);
			defaultConfigurationIsVisible = 0;
			defaultConfigurationName = Release;
		};
/* End XCConfigurationList section */

/* Begin XCVersionGroup section */
		1F64640419F2517500257769 /* PRHModeles.xcdatamodeld */ = {
			isa = XCVersionGroup;
			children = (
				1F64640519F2517500257769 /* PRHModeles.xcdatamodel */,
			);
			currentVersion = 1F64640519F2517500257769 /* PRHModeles.xcdatamodel */;
			path = PRHModeles.xcdatamodeld;
			sourceTree = "<group>";
			versionGroupType = wrapper.xcdatamodel;
		};
/* End XCVersionGroup section */
	};
	rootObject = 1F6463AD19F166BA00257769 /* Project object */;
}
